
Microsoft Visual Studio Solution File, Format Version 12.00
# Visual Studio 15
VisualStudioVersion = 15.0.28307.489
MinimumVisualStudioVersion = 10.0.40219.1
Project("{FAE04EC0-301F-11D3-BF4B-00C04F79EFBC}") = "FakeNews2019", "FakeNews2019\FakeNews2019.csproj", "{9771E51C-E52E-435D-9429-E6FBC67ABF17}"
EndProject
Global
	GlobalSection(SolutionConfigurationPlatforms) = preSolution
		Debug|Any CPU = Debug|Any CPU
		Release|Any CPU = Release|Any CPU
	EndGlobalSection
	GlobalSection(ProjectConfigurationPlatforms) = postSolution
		{9771E51C-E52E-435D-9429-E6FBC67ABF17}.Debug|Any CPU.ActiveCfg = Debug|Any CPU
		{9771E51C-E52E-435D-9429-E6FBC67ABF17}.Debug|Any CPU.Build.0 = Debug|Any CPU
		{9771E51C-E52E-435D-9429-E6FBC67ABF17}.Release|Any CPU.ActiveCfg = Release|Any CPU
		{9771E51C-E52E-435D-9429-E6FBC67ABF17}.Release|Any CPU.Build.0 = Release|Any CPU
	EndGlobalSection
	GlobalSection(SolutionProperties) = preSolution
		HideSolutionNode = FALSE
	EndGlobalSection
	GlobalSection(ExtensibilityGlobals) = postSolution
		SolutionGuid = {73209A11-F4E9-4D10-AB39-AC7EA913A5E2}
	EndGlobalSection
EndGlobal
